
Microsoft Visual Studio Solution File, Format Version 10.00
# Visual C# Express 2008
Project("{FAE04EC0-301F-11D3-BF4B-00C04F79EFBC}") = "OgmoXNA", "OgmoXNA\OgmoXNA.csproj", "{619FEF13-56BA-458D-9F86-CF46CE868A9D}"
EndProject
Project("{FAE04EC0-301F-11D3-BF4B-00C04F79EFBC}") = "OgmoXNAPipelineExtensions", "OgmoXNAPipelineExtensions\OgmoXNAPipelineExtensions.csproj", "{81EBFE71-A289-41CA-9CDC-824DF6DACE1E}"
EndProject
Project("{FAE04EC0-301F-11D3-BF4B-00C04F79EFBC}") = "OgmoXNADemo", "OgmoXNADemo\OgmoXNADemo.csproj", "{39A30F56-8348-49C2-9DD3-5661DA56A072}"
EndProject
Project("{FAE04EC0-301F-11D3-BF4B-00C04F79EFBC}") = "OgmoXNA.Xbox360", "OgmoXNA\OgmoXNA.Xbox360.csproj", "{C65BE7EB-DA28-4EE0-92CB-52BC6F7E9FD5}"
EndProject
Project("{FAE04EC0-301F-11D3-BF4B-00C04F79EFBC}") = "OgmoXNADemo.Xbox360", "OgmoXNADemo\OgmoXNADemo.Xbox360.csproj", "{B624D2CC-1789-4365-9335-B5C4E5025D7C}"
EndProject
Global
	GlobalSection(SolutionConfigurationPlatforms) = preSolution
		Debug|Mixed Platforms = Debug|Mixed Platforms
		Debug|x86 = Debug|x86
		Debug|Xbox 360 = Debug|Xbox 360
		Debug|Zune = Debug|Zune
		Release|Mixed Platforms = Release|Mixed Platforms
		Release|x86 = Release|x86
		Release|Xbox 360 = Release|Xbox 360
		Release|Zune = Release|Zune
	EndGlobalSection
	GlobalSection(ProjectConfigurationPlatforms) = postSolution
		{619FEF13-56BA-458D-9F86-CF46CE868A9D}.Debug|Mixed Platforms.ActiveCfg = Debug|x86
		{619FEF13-56BA-458D-9F86-CF46CE868A9D}.Debug|Mixed Platforms.Build.0 = Debug|x86
		{619FEF13-56BA-458D-9F86-CF46CE868A9D}.Debug|x86.ActiveCfg = Debug|x86
		{619FEF13-56BA-458D-9F86-CF46CE868A9D}.Debug|x86.Build.0 = Debug|x86
		{619FEF13-56BA-458D-9F86-CF46CE868A9D}.Debug|Xbox 360.ActiveCfg = Debug|x86
		{619FEF13-56BA-458D-9F86-CF46CE868A9D}.Debug|Zune.ActiveCfg = Debug|x86
		{619FEF13-56BA-458D-9F86-CF46CE868A9D}.Release|Mixed Platforms.ActiveCfg = Release|x86
		{619FEF13-56BA-458D-9F86-CF46CE868A9D}.Release|Mixed Platforms.Build.0 = Release|x86
		{619FEF13-56BA-458D-9F86-CF46CE868A9D}.Release|x86.ActiveCfg = Release|x86
		{619FEF13-56BA-458D-9F86-CF46CE868A9D}.Release|x86.Build.0 = Release|x86
		{619FEF13-56BA-458D-9F86-CF46CE868A9D}.Release|Xbox 360.ActiveCfg = Release|x86
		{619FEF13-56BA-458D-9F86-CF46CE868A9D}.Release|Zune.ActiveCfg = Release|x86
		{81EBFE71-A289-41CA-9CDC-824DF6DACE1E}.Debug|Mixed Platforms.ActiveCfg = Debug|Zune
		{81EBFE71-A289-41CA-9CDC-824DF6DACE1E}.Debug|Mixed Platforms.Build.0 = Debug|Zune
		{81EBFE71-A289-41CA-9CDC-824DF6DACE1E}.Debug|x86.ActiveCfg = Debug|x86
		{81EBFE71-A289-41CA-9CDC-824DF6DACE1E}.Debug|x86.Build.0 = Debug|x86
		{81EBFE71-A289-41CA-9CDC-824DF6DACE1E}.Debug|Xbox 360.ActiveCfg = Debug|Xbox 360
		{81EBFE71-A289-41CA-9CDC-824DF6DACE1E}.Debug|Xbox 360.Build.0 = Debug|Xbox 360
		{81EBFE71-A289-41CA-9CDC-824DF6DACE1E}.Debug|Zune.ActiveCfg = Debug|Zune
		{81EBFE71-A289-41CA-9CDC-824DF6DACE1E}.Debug|Zune.Build.0 = Debug|Zune
		{81EBFE71-A289-41CA-9CDC-824DF6DACE1E}.Release|Mixed Platforms.ActiveCfg = Release|Zune
		{81EBFE71-A289-41CA-9CDC-824DF6DACE1E}.Release|Mixed Platforms.Build.0 = Release|Zune
		{81EBFE71-A289-41CA-9CDC-824DF6DACE1E}.Release|x86.ActiveCfg = Release|x86
		{81EBFE71-A289-41CA-9CDC-824DF6DACE1E}.Release|x86.Build.0 = Release|x86
		{81EBFE71-A289-41CA-9CDC-824DF6DACE1E}.Release|Xbox 360.ActiveCfg = Release|Xbox 360
		{81EBFE71-A289-41CA-9CDC-824DF6DACE1E}.Release|Xbox 360.Build.0 = Release|Xbox 360
		{81EBFE71-A289-41CA-9CDC-824DF6DACE1E}.Release|Zune.ActiveCfg = Release|Zune
		{81EBFE71-A289-41CA-9CDC-824DF6DACE1E}.Release|Zune.Build.0 = Release|Zune
		{39A30F56-8348-49C2-9DD3-5661DA56A072}.Debug|Mixed Platforms.ActiveCfg = Debug|x86
		{39A30F56-8348-49C2-9DD3-5661DA56A072}.Debug|Mixed Platforms.Build.0 = Debug|x86
		{39A30F56-8348-49C2-9DD3-5661DA56A072}.Debug|x86.ActiveCfg = Debug|x86
		{39A30F56-8348-49C2-9DD3-5661DA56A072}.Debug|x86.Build.0 = Debug|x86
		{39A30F56-8348-49C2-9DD3-5661DA56A072}.Debug|Xbox 360.ActiveCfg = Debug|x86
		{39A30F56-8348-49C2-9DD3-5661DA56A072}.Debug|Zune.ActiveCfg = Debug|x86
		{39A30F56-8348-49C2-9DD3-5661DA56A072}.Release|Mixed Platforms.ActiveCfg = Release|x86
		{39A30F56-8348-49C2-9DD3-5661DA56A072}.Release|Mixed Platforms.Build.0 = Release|x86
		{39A30F56-8348-49C2-9DD3-5661DA56A072}.Release|x86.ActiveCfg = Release|x86
		{39A30F56-8348-49C2-9DD3-5661DA56A072}.Release|x86.Build.0 = Release|x86
		{39A30F56-8348-49C2-9DD3-5661DA56A072}.Release|Xbox 360.ActiveCfg = Release|x86
		{39A30F56-8348-49C2-9DD3-5661DA56A072}.Release|Zune.ActiveCfg = Release|x86
		{891F040E-3967-4025-9ABF-26E00B5B752E}.Debug|Mixed Platforms.ActiveCfg = Debug|x86
		{891F040E-3967-4025-9ABF-26E00B5B752E}.Debug|x86.ActiveCfg = Debug|x86
		{891F040E-3967-4025-9ABF-26E00B5B752E}.Debug|Xbox 360.ActiveCfg = Debug|x86
		{891F040E-3967-4025-9ABF-26E00B5B752E}.Debug|Zune.ActiveCfg = Debug|x86
		{891F040E-3967-4025-9ABF-26E00B5B752E}.Release|Mixed Platforms.ActiveCfg = Release|x86
		{891F040E-3967-4025-9ABF-26E00B5B752E}.Release|x86.ActiveCfg = Release|x86
		{891F040E-3967-4025-9ABF-26E00B5B752E}.Release|Xbox 360.ActiveCfg = Release|x86
		{891F040E-3967-4025-9ABF-26E00B5B752E}.Release|Zune.ActiveCfg = Release|x86
		{67D70BCA-EB17-4DB9-8C8A-6C06E19B51AA}.Debug|Mixed Platforms.ActiveCfg = Debug|x86
		{67D70BCA-EB17-4DB9-8C8A-6C06E19B51AA}.Debug|x86.ActiveCfg = Debug|x86
		{67D70BCA-EB17-4DB9-8C8A-6C06E19B51AA}.Debug|Xbox 360.ActiveCfg = Debug|x86
		{67D70BCA-EB17-4DB9-8C8A-6C06E19B51AA}.Debug|Zune.ActiveCfg = Debug|x86
		{67D70BCA-EB17-4DB9-8C8A-6C06E19B51AA}.Release|Mixed Platforms.ActiveCfg = Release|x86
		{67D70BCA-EB17-4DB9-8C8A-6C06E19B51AA}.Release|x86.ActiveCfg = Release|x86
		{67D70BCA-EB17-4DB9-8C8A-6C06E19B51AA}.Release|Xbox 360.ActiveCfg = Release|x86
		{67D70BCA-EB17-4DB9-8C8A-6C06E19B51AA}.Release|Zune.ActiveCfg = Release|x86
		{C65BE7EB-DA28-4EE0-92CB-52BC6F7E9FD5}.Debug|Mixed Platforms.ActiveCfg = Debug|Xbox 360
		{C65BE7EB-DA28-4EE0-92CB-52BC6F7E9FD5}.Debug|Mixed Platforms.Build.0 = Debug|Xbox 360
		{C65BE7EB-DA28-4EE0-92CB-52BC6F7E9FD5}.Debug|x86.ActiveCfg = Debug|Xbox 360
		{C65BE7EB-DA28-4EE0-92CB-52BC6F7E9FD5}.Debug|Xbox 360.ActiveCfg = Debug|Xbox 360
		{C65BE7EB-DA28-4EE0-92CB-52BC6F7E9FD5}.Debug|Xbox 360.Build.0 = Debug|Xbox 360
		{C65BE7EB-DA28-4EE0-92CB-52BC6F7E9FD5}.Debug|Zune.ActiveCfg = Debug|Xbox 360
		{C65BE7EB-DA28-4EE0-92CB-52BC6F7E9FD5}.Release|Mixed Platforms.ActiveCfg = Release|Xbox 360
		{C65BE7EB-DA28-4EE0-92CB-52BC6F7E9FD5}.Release|Mixed Platforms.Build.0 = Release|Xbox 360
		{C65BE7EB-DA28-4EE0-92CB-52BC6F7E9FD5}.Release|x86.ActiveCfg = Release|Xbox 360
		{C65BE7EB-DA28-4EE0-92CB-52BC6F7E9FD5}.Release|Xbox 360.ActiveCfg = Release|Xbox 360
		{C65BE7EB-DA28-4EE0-92CB-52BC6F7E9FD5}.Release|Xbox 360.Build.0 = Release|Xbox 360
		{C65BE7EB-DA28-4EE0-92CB-52BC6F7E9FD5}.Release|Zune.ActiveCfg = Release|Xbox 360
		{B624D2CC-1789-4365-9335-B5C4E5025D7C}.Debug|Mixed Platforms.ActiveCfg = Debug|Xbox 360
		{B624D2CC-1789-4365-9335-B5C4E5025D7C}.Debug|Mixed Platforms.Build.0 = Debug|Xbox 360
		{B624D2CC-1789-4365-9335-B5C4E5025D7C}.Debug|Mixed Platforms.Deploy.0 = Debug|Xbox 360
		{B624D2CC-1789-4365-9335-B5C4E5025D7C}.Debug|x86.ActiveCfg = Debug|Xbox 360
		{B624D2CC-1789-4365-9335-B5C4E5025D7C}.Debug|Xbox 360.ActiveCfg = Debug|Xbox 360
		{B624D2CC-1789-4365-9335-B5C4E5025D7C}.Debug|Xbox 360.Build.0 = Debug|Xbox 360
		{B624D2CC-1789-4365-9335-B5C4E5025D7C}.Debug|Xbox 360.Deploy.0 = Debug|Xbox 360
		{B624D2CC-1789-4365-9335-B5C4E5025D7C}.Debug|Zune.ActiveCfg = Debug|Xbox 360
		{B624D2CC-1789-4365-9335-B5C4E5025D7C}.Release|Mixed Platforms.ActiveCfg = Release|Xbox 360
		{B624D2CC-1789-4365-9335-B5C4E5025D7C}.Release|Mixed Platforms.Build.0 = Release|Xbox 360
		{B624D2CC-1789-4365-9335-B5C4E5025D7C}.Release|Mixed Platforms.Deploy.0 = Release|Xbox 360
		{B624D2CC-1789-4365-9335-B5C4E5025D7C}.Release|x86.ActiveCfg = Release|Xbox 360
		{B624D2CC-1789-4365-9335-B5C4E5025D7C}.Release|Xbox 360.ActiveCfg = Release|Xbox 360
		{B624D2CC-1789-4365-9335-B5C4E5025D7C}.Release|Xbox 360.Build.0 = Release|Xbox 360
		{B624D2CC-1789-4365-9335-B5C4E5025D7C}.Release|Xbox 360.Deploy.0 = Release|Xbox 360
		{B624D2CC-1789-4365-9335-B5C4E5025D7C}.Release|Zune.ActiveCfg = Release|Xbox 360
	EndGlobalSection
	GlobalSection(SolutionProperties) = preSolution
		HideSolutionNode = FALSE
	EndGlobalSection
EndGlobal
